
Microsoft Visual Studio Solution File, Format Version 12.00
# Visual Studio Version 18
VisualStudioVersion = 18.0.0.0
MinimumVisualStudioVersion = 10.0.40219.1
Project("{FAE04EC0-301F-11D3-BF4B-00C04F79EFBC}") = "HyperQ.Util", "src\HyperQ.Util\HyperQ.Util.csproj", "{9841659A-8DA1-4510-8C94-0E2C16C4895B}"
EndProject
Project("{FAE04EC0-301F-11D3-BF4B-00C04F79EFBC}") = "HyperQ.Env", "src\HyperQ.Env\HyperQ.Env.csproj", "{CB33D23B-2484-4FB3-BB8F-CF80CE1CBA0B}"
EndProject
Project("{FAE04EC0-301F-11D3-BF4B-00C04F79EFBC}") = "HyperQ.Learners", "src\HyperQ.Learners\HyperQ.Learners.csproj", "{D3092A1B-9D70-4CB8-9B35-70C2214B9468}"
EndProject
Project("{FAE04EC0-301F-11D3-BF4B-00C04F79EFBC}") = "HyperQ.Training", "src\HyperQ.Training\HyperQ.Training.csproj", "{246A3D9A-987A-4C37-B16A-726D2A2F0C2E}"
EndProject
Project("{FAE04EC0-301F-11D3-BF4B-00C04F79EFBC}") = "HyperQ.MACE", "src\HyperQ.MACE\HyperQ.MACE.csproj", "{2FE453DB-2D5D-4C61-8C9C-2B6C46196E01}"
EndProject
Project("{FAE04EC0-301F-11D3-BF4B-00C04F79EFBC}") = "GridWorld", "samples\GridWorld\GridWorld.csproj", "{07C92274-1D66-4181-A20B-F33D57D75903}"
EndProject
Project("{FAE04EC0-301F-11D3-BF4B-00C04F79EFBC}") = "LEM", "samples\LEM\LEM.csproj", "{F08DE9E5-572F-45B1-8139-4964DA4B4F8B}"
EndProject
Project("{FAE04EC0-301F-11D3-BF4B-00C04F79EFBC}") = "HuntTheWumpus", "samples\HuntTheWumpus\HuntTheWumpus.csproj", "{933C6E1D-C79A-4C4F-B317-A57C2DF78CBF}"
EndProject
Project("{2150E333-8FDC-42A3-9474-1A3956D46DE8}") = "samples", "samples", "{5D20AA90-6969-D8BD-9DCD-8634F4692FDA}"
EndProject
Project("{FAE04EC0-301F-11D3-BF4B-00C04F79EFBC}") = "GridWorld.Viz", "samples\GridWorld.Viz\GridWorld.Viz.csproj", "{E1324872-BEC5-44EE-BF73-F8F6AC4824C8}"
EndProject
Project("{2150E333-8FDC-42A3-9474-1A3956D46DE8}") = "src", "src", "{827E0CD3-B72D-47B6-A68D-7590B98EB39B}"
EndProject
Project("{FAE04EC0-301F-11D3-BF4B-00C04F79EFBC}") = "Wumpus.Viz", "samples\Wumpus.Viz\Wumpus.Viz.csproj", "{7A97ABAE-2670-4B07-B07A-7CADCD901242}"
EndProject
Project("{2150E333-8FDC-42A3-9474-1A3956D46DE8}") = "tests", "tests", "{0AB3BF05-4346-4AA6-1389-037BE0695223}"
EndProject
Project("{FAE04EC0-301F-11D3-BF4B-00C04F79EFBC}") = "HyperQ.Tests", "tests\HyperQ.Tests\HyperQ.Tests.csproj", "{5642B698-2680-4EC0-A6DD-756926D328BE}"
EndProject
Project("{FAE04EC0-301F-11D3-BF4B-00C04F79EFBC}") = "HyperQ.MultiHead", "src\HyperQ.MultiHead\HyperQ.MultiHead.csproj", "{B6723CCE-F8D8-47AF-93B4-CB076FAC2AB5}"
EndProject
Global
	GlobalSection(SolutionConfigurationPlatforms) = preSolution
		Debug|Any CPU = Debug|Any CPU
		Debug|x64 = Debug|x64
		Debug|x86 = Debug|x86
		Release|Any CPU = Release|Any CPU
		Release|x64 = Release|x64
		Release|x86 = Release|x86
	EndGlobalSection
	GlobalSection(ProjectConfigurationPlatforms) = postSolution
		{9841659A-8DA1-4510-8C94-0E2C16C4895B}.Debug|Any CPU.ActiveCfg = Debug|Any CPU
		{9841659A-8DA1-4510-8C94-0E2C16C4895B}.Debug|Any CPU.Build.0 = Debug|Any CPU
		{9841659A-8DA1-4510-8C94-0E2C16C4895B}.Debug|x64.ActiveCfg = Debug|Any CPU
		{9841659A-8DA1-4510-8C94-0E2C16C4895B}.Debug|x64.Build.0 = Debug|Any CPU
		{9841659A-8DA1-4510-8C94-0E2C16C4895B}.Debug|x86.ActiveCfg = Debug|Any CPU
		{9841659A-8DA1-4510-8C94-0E2C16C4895B}.Debug|x86.Build.0 = Debug|Any CPU
		{9841659A-8DA1-4510-8C94-0E2C16C4895B}.Release|Any CPU.ActiveCfg = Release|Any CPU
		{9841659A-8DA1-4510-8C94-0E2C16C4895B}.Release|Any CPU.Build.0 = Release|Any CPU
		{9841659A-8DA1-4510-8C94-0E2C16C4895B}.Release|x64.ActiveCfg = Release|Any CPU
		{9841659A-8DA1-4510-8C94-0E2C16C4895B}.Release|x64.Build.0 = Release|Any CPU
		{9841659A-8DA1-4510-8C94-0E2C16C4895B}.Release|x86.ActiveCfg = Release|Any CPU
		{9841659A-8DA1-4510-8C94-0E2C16C4895B}.Release|x86.Build.0 = Release|Any CPU
		{CB33D23B-2484-4FB3-BB8F-CF80CE1CBA0B}.Debug|Any CPU.ActiveCfg = Debug|Any CPU
		{CB33D23B-2484-4FB3-BB8F-CF80CE1CBA0B}.Debug|Any CPU.Build.0 = Debug|Any CPU
		{CB33D23B-2484-4FB3-BB8F-CF80CE1CBA0B}.Debug|x64.ActiveCfg = Debug|Any CPU
		{CB33D23B-2484-4FB3-BB8F-CF80CE1CBA0B}.Debug|x64.Build.0 = Debug|Any CPU
		{CB33D23B-2484-4FB3-BB8F-CF80CE1CBA0B}.Debug|x86.ActiveCfg = Debug|Any CPU
		{CB33D23B-2484-4FB3-BB8F-CF80CE1CBA0B}.Debug|x86.Build.0 = Debug|Any CPU
		{CB33D23B-2484-4FB3-BB8F-CF80CE1CBA0B}.Release|Any CPU.ActiveCfg = Release|Any CPU
		{CB33D23B-2484-4FB3-BB8F-CF80CE1CBA0B}.Release|Any CPU.Build.0 = Release|Any CPU
		{CB33D23B-2484-4FB3-BB8F-CF80CE1CBA0B}.Release|x64.ActiveCfg = Release|Any CPU
		{CB33D23B-2484-4FB3-BB8F-CF80CE1CBA0B}.Release|x64.Build.0 = Release|Any CPU
		{CB33D23B-2484-4FB3-BB8F-CF80CE1CBA0B}.Release|x86.ActiveCfg = Release|Any CPU
		{CB33D23B-2484-4FB3-BB8F-CF80CE1CBA0B}.Release|x86.Build.0 = Release|Any CPU
		{D3092A1B-9D70-4CB8-9B35-70C2214B9468}.Debug|Any CPU.ActiveCfg = Debug|Any CPU
		{D3092A1B-9D70-4CB8-9B35-70C2214B9468}.Debug|Any CPU.Build.0 = Debug|Any CPU
		{D3092A1B-9D70-4CB8-9B35-70C2214B9468}.Debug|x64.ActiveCfg = Debug|Any CPU
		{D3092A1B-9D70-4CB8-9B35-70C2214B9468}.Debug|x64.Build.0 = Debug|Any CPU
		{D3092A1B-9D70-4CB8-9B35-70C2214B9468}.Debug|x86.ActiveCfg = Debug|Any CPU
		{D3092A1B-9D70-4CB8-9B35-70C2214B9468}.Debug|x86.Build.0 = Debug|Any CPU
		{D3092A1B-9D70-4CB8-9B35-70C2214B9468}.Release|Any CPU.ActiveCfg = Release|Any CPU
		{D3092A1B-9D70-4CB8-9B35-70C2214B9468}.Release|Any CPU.Build.0 = Release|Any CPU
		{D3092A1B-9D70-4CB8-9B35-70C2214B9468}.Release|x64.ActiveCfg = Release|Any CPU
		{D3092A1B-9D70-4CB8-9B35-70C2214B9468}.Release|x64.Build.0 = Release|Any CPU
		{D3092A1B-9D70-4CB8-9B35-70C2214B9468}.Release|x86.ActiveCfg = Release|Any CPU
		{D3092A1B-9D70-4CB8-9B35-70C2214B9468}.Release|x86.Build.0 = Release|Any CPU
		{246A3D9A-987A-4C37-B16A-726D2A2F0C2E}.Debug|Any CPU.ActiveCfg = Debug|Any CPU
		{246A3D9A-987A-4C37-B16A-726D2A2F0C2E}.Debug|Any CPU.Build.0 = Debug|Any CPU
		{246A3D9A-987A-4C37-B16A-726D2A2F0C2E}.Debug|x64.ActiveCfg = Debug|Any CPU
		{246A3D9A-987A-4C37-B16A-726D2A2F0C2E}.Debug|x64.Build.0 = Debug|Any CPU
		{246A3D9A-987A-4C37-B16A-726D2A2F0C2E}.Debug|x86.ActiveCfg = Debug|Any CPU
		{246A3D9A-987A-4C37-B16A-726D2A2F0C2E}.Debug|x86.Build.0 = Debug|Any CPU
		{246A3D9A-987A-4C37-B16A-726D2A2F0C2E}.Release|Any CPU.ActiveCfg = Release|Any CPU
		{246A3D9A-987A-4C37-B16A-726D2A2F0C2E}.Release|Any CPU.Build.0 = Release|Any CPU
		{246A3D9A-987A-4C37-B16A-726D2A2F0C2E}.Release|x64.ActiveCfg = Release|Any CPU
		{246A3D9A-987A-4C37-B16A-726D2A2F0C2E}.Release|x64.Build.0 = Release|Any CPU
		{246A3D9A-987A-4C37-B16A-726D2A2F0C2E}.Release|x86.ActiveCfg = Release|Any CPU
		{246A3D9A-987A-4C37-B16A-726D2A2F0C2E}.Release|x86.Build.0 = Release|Any CPU
		{2FE453DB-2D5D-4C61-8C9C-2B6C46196E01}.Debug|Any CPU.ActiveCfg = Debug|Any CPU
		{2FE453DB-2D5D-4C61-8C9C-2B6C46196E01}.Debug|Any CPU.Build.0 = Debug|Any CPU
		{2FE453DB-2D5D-4C61-8C9C-2B6C46196E01}.Debug|x64.ActiveCfg = Debug|Any CPU
		{2FE453DB-2D5D-4C61-8C9C-2B6C46196E01}.Debug|x64.Build.0 = Debug|Any CPU
		{2FE453DB-2D5D-4C61-8C9C-2B6C46196E01}.Debug|x86.ActiveCfg = Debug|Any CPU
		{2FE453DB-2D5D-4C61-8C9C-2B6C46196E01}.Debug|x86.Build.0 = Debug|Any CPU
		{2FE453DB-2D5D-4C61-8C9C-2B6C46196E01}.Release|Any CPU.ActiveCfg = Release|Any CPU
		{2FE453DB-2D5D-4C61-8C9C-2B6C46196E01}.Release|Any CPU.Build.0 = Release|Any CPU
		{2FE453DB-2D5D-4C61-8C9C-2B6C46196E01}.Release|x64.ActiveCfg = Release|Any CPU
		{2FE453DB-2D5D-4C61-8C9C-2B6C46196E01}.Release|x64.Build.0 = Release|Any CPU
		{2FE453DB-2D5D-4C61-8C9C-2B6C46196E01}.Release|x86.ActiveCfg = Release|Any CPU
		{2FE453DB-2D5D-4C61-8C9C-2B6C46196E01}.Release|x86.Build.0 = Release|Any CPU
		{07C92274-1D66-4181-A20B-F33D57D75903}.Debug|Any CPU.ActiveCfg = Debug|Any CPU
		{07C92274-1D66-4181-A20B-F33D57D75903}.Debug|Any CPU.Build.0 = Debug|Any CPU
		{07C92274-1D66-4181-A20B-F33D57D75903}.Debug|x64.ActiveCfg = Debug|Any CPU
		{07C92274-1D66-4181-A20B-F33D57D75903}.Debug|x64.Build.0 = Debug|Any CPU
		{07C92274-1D66-4181-A20B-F33D57D75903}.Debug|x86.ActiveCfg = Debug|Any CPU
		{07C92274-1D66-4181-A20B-F33D57D75903}.Debug|x86.Build.0 = Debug|Any CPU
		{07C92274-1D66-4181-A20B-F33D57D75903}.Release|Any CPU.ActiveCfg = Release|Any CPU
		{07C92274-1D66-4181-A20B-F33D57D75903}.Release|Any CPU.Build.0 = Release|Any CPU
		{07C92274-1D66-4181-A20B-F33D57D75903}.Release|x64.ActiveCfg = Release|Any CPU
		{07C92274-1D66-4181-A20B-F33D57D75903}.Release|x64.Build.0 = Release|Any CPU
		{07C92274-1D66-4181-A20B-F33D57D75903}.Release|x86.ActiveCfg = Release|Any CPU
		{07C92274-1D66-4181-A20B-F33D57D75903}.Release|x86.Build.0 = Release|Any CPU
		{F08DE9E5-572F-45B1-8139-4964DA4B4F8B}.Debug|Any CPU.ActiveCfg = Debug|Any CPU
		{F08DE9E5-572F-45B1-8139-4964DA4B4F8B}.Debug|Any CPU.Build.0 = Debug|Any CPU
		{F08DE9E5-572F-45B1-8139-4964DA4B4F8B}.Debug|x64.ActiveCfg = Debug|Any CPU
		{F08DE9E5-572F-45B1-8139-4964DA4B4F8B}.Debug|x64.Build.0 = Debug|Any CPU
		{F08DE9E5-572F-45B1-8139-4964DA4B4F8B}.Debug|x86.ActiveCfg = Debug|Any CPU
		{F08DE9E5-572F-45B1-8139-4964DA4B4F8B}.Debug|x86.Build.0 = Debug|Any CPU
		{F08DE9E5-572F-45B1-8139-4964DA4B4F8B}.Release|Any CPU.ActiveCfg = Release|Any CPU
		{F08DE9E5-572F-45B1-8139-4964DA4B4F8B}.Release|Any CPU.Build.0 = Release|Any CPU
		{F08DE9E5-572F-45B1-8139-4964DA4B4F8B}.Release|x64.ActiveCfg = Release|Any CPU
		{F08DE9E5-572F-45B1-8139-4964DA4B4F8B}.Release|x64.Build.0 = Release|Any CPU
		{F08DE9E5-572F-45B1-8139-4964DA4B4F8B}.Release|x86.ActiveCfg = Release|Any CPU
		{F08DE9E5-572F-45B1-8139-4964DA4B4F8B}.Release|x86.Build.0 = Release|Any CPU
		{933C6E1D-C79A-4C4F-B317-A57C2DF78CBF}.Debug|Any CPU.ActiveCfg = Debug|Any CPU
		{933C6E1D-C79A-4C4F-B317-A57C2DF78CBF}.Debug|Any CPU.Build.0 = Debug|Any CPU
		{933C6E1D-C79A-4C4F-B317-A57C2DF78CBF}.Debug|x64.ActiveCfg = Debug|Any CPU
		{933C6E1D-C79A-4C4F-B317-A57C2DF78CBF}.Debug|x64.Build.0 = Debug|Any CPU
		{933C6E1D-C79A-4C4F-B317-A57C2DF78CBF}.Debug|x86.ActiveCfg = Debug|Any CPU
		{933C6E1D-C79A-4C4F-B317-A57C2DF78CBF}.Debug|x86.Build.0 = Debug|Any CPU
		{933C6E1D-C79A-4C4F-B317-A57C2DF78CBF}.Release|Any CPU.ActiveCfg = Release|Any CPU
		{933C6E1D-C79A-4C4F-B317-A57C2DF78CBF}.Release|Any CPU.Build.0 = Release|Any CPU
		{933C6E1D-C79A-4C4F-B317-A57C2DF78CBF}.Release|x64.ActiveCfg = Release|Any CPU
		{933C6E1D-C79A-4C4F-B317-A57C2DF78CBF}.Release|x64.Build.0 = Release|Any CPU
		{933C6E1D-C79A-4C4F-B317-A57C2DF78CBF}.Release|x86.ActiveCfg = Release|Any CPU
		{933C6E1D-C79A-4C4F-B317-A57C2DF78CBF}.Release|x86.Build.0 = Release|Any CPU
		{E1324872-BEC5-44EE-BF73-F8F6AC4824C8}.Debug|Any CPU.ActiveCfg = Debug|Any CPU
		{E1324872-BEC5-44EE-BF73-F8F6AC4824C8}.Debug|Any CPU.Build.0 = Debug|Any CPU
		{E1324872-BEC5-44EE-BF73-F8F6AC4824C8}.Debug|x64.ActiveCfg = Debug|Any CPU
		{E1324872-BEC5-44EE-BF73-F8F6AC4824C8}.Debug|x64.Build.0 = Debug|Any CPU
		{E1324872-BEC5-44EE-BF73-F8F6AC4824C8}.Debug|x86.ActiveCfg = Debug|Any CPU
		{E1324872-BEC5-44EE-BF73-F8F6AC4824C8}.Debug|x86.Build.0 = Debug|Any CPU
		{E1324872-BEC5-44EE-BF73-F8F6AC4824C8}.Release|Any CPU.ActiveCfg = Release|Any CPU
		{E1324872-BEC5-44EE-BF73-F8F6AC4824C8}.Release|Any CPU.Build.0 = Release|Any CPU
		{E1324872-BEC5-44EE-BF73-F8F6AC4824C8}.Release|x64.ActiveCfg = Release|Any CPU
		{E1324872-BEC5-44EE-BF73-F8F6AC4824C8}.Release|x64.Build.0 = Release|Any CPU
		{E1324872-BEC5-44EE-BF73-F8F6AC4824C8}.Release|x86.ActiveCfg = Release|Any CPU
		{E1324872-BEC5-44EE-BF73-F8F6AC4824C8}.Release|x86.Build.0 = Release|Any CPU
		{7A97ABAE-2670-4B07-B07A-7CADCD901242}.Debug|Any CPU.ActiveCfg = Debug|Any CPU
		{7A97ABAE-2670-4B07-B07A-7CADCD901242}.Debug|Any CPU.Build.0 = Debug|Any CPU
		{7A97ABAE-2670-4B07-B07A-7CADCD901242}.Debug|x64.ActiveCfg = Debug|Any CPU
		{7A97ABAE-2670-4B07-B07A-7CADCD901242}.Debug|x64.Build.0 = Debug|Any CPU
		{7A97ABAE-2670-4B07-B07A-7CADCD901242}.Debug|x86.ActiveCfg = Debug|Any CPU
		{7A97ABAE-2670-4B07-B07A-7CADCD901242}.Debug|x86.Build.0 = Debug|Any CPU
		{7A97ABAE-2670-4B07-B07A-7CADCD901242}.Release|Any CPU.ActiveCfg = Release|Any CPU
		{7A97ABAE-2670-4B07-B07A-7CADCD901242}.Release|Any CPU.Build.0 = Release|Any CPU
		{7A97ABAE-2670-4B07-B07A-7CADCD901242}.Release|x64.ActiveCfg = Release|Any CPU
		{7A97ABAE-2670-4B07-B07A-7CADCD901242}.Release|x64.Build.0 = Release|Any CPU
		{7A97ABAE-2670-4B07-B07A-7CADCD901242}.Release|x86.ActiveCfg = Release|Any CPU
		{7A97ABAE-2670-4B07-B07A-7CADCD901242}.Release|x86.Build.0 = Release|Any CPU
		{5642B698-2680-4EC0-A6DD-756926D328BE}.Debug|Any CPU.ActiveCfg = Debug|Any CPU
		{5642B698-2680-4EC0-A6DD-756926D328BE}.Debug|Any CPU.Build.0 = Debug|Any CPU
		{5642B698-2680-4EC0-A6DD-756926D328BE}.Debug|x64.ActiveCfg = Debug|Any CPU
		{5642B698-2680-4EC0-A6DD-756926D328BE}.Debug|x64.Build.0 = Debug|Any CPU
		{5642B698-2680-4EC0-A6DD-756926D328BE}.Debug|x86.ActiveCfg = Debug|Any CPU
		{5642B698-2680-4EC0-A6DD-756926D328BE}.Debug|x86.Build.0 = Debug|Any CPU
		{5642B698-2680-4EC0-A6DD-756926D328BE}.Release|Any CPU.ActiveCfg = Release|Any CPU
		{5642B698-2680-4EC0-A6DD-756926D328BE}.Release|Any CPU.Build.0 = Release|Any CPU
		{5642B698-2680-4EC0-A6DD-756926D328BE}.Release|x64.ActiveCfg = Release|Any CPU
		{5642B698-2680-4EC0-A6DD-756926D328BE}.Release|x64.Build.0 = Release|Any CPU
		{5642B698-2680-4EC0-A6DD-756926D328BE}.Release|x86.ActiveCfg = Release|Any CPU
		{5642B698-2680-4EC0-A6DD-756926D328BE}.Release|x86.Build.0 = Release|Any CPU
		{B6723CCE-F8D8-47AF-93B4-CB076FAC2AB5}.Debug|Any CPU.ActiveCfg = Debug|Any CPU
		{B6723CCE-F8D8-47AF-93B4-CB076FAC2AB5}.Debug|Any CPU.Build.0 = Debug|Any CPU
		{B6723CCE-F8D8-47AF-93B4-CB076FAC2AB5}.Debug|x64.ActiveCfg = Debug|Any CPU
		{B6723CCE-F8D8-47AF-93B4-CB076FAC2AB5}.Debug|x64.Build.0 = Debug|Any CPU
		{B6723CCE-F8D8-47AF-93B4-CB076FAC2AB5}.Debug|x86.ActiveCfg = Debug|Any CPU
		{B6723CCE-F8D8-47AF-93B4-CB076FAC2AB5}.Debug|x86.Build.0 = Debug|Any CPU
		{B6723CCE-F8D8-47AF-93B4-CB076FAC2AB5}.Release|Any CPU.ActiveCfg = Release|Any CPU
		{B6723CCE-F8D8-47AF-93B4-CB076FAC2AB5}.Release|Any CPU.Build.0 = Release|Any CPU
		{B6723CCE-F8D8-47AF-93B4-CB076FAC2AB5}.Release|x64.ActiveCfg = Release|Any CPU
		{B6723CCE-F8D8-47AF-93B4-CB076FAC2AB5}.Release|x64.Build.0 = Release|Any CPU
		{B6723CCE-F8D8-47AF-93B4-CB076FAC2AB5}.Release|x86.ActiveCfg = Release|Any CPU
		{B6723CCE-F8D8-47AF-93B4-CB076FAC2AB5}.Release|x86.Build.0 = Release|Any CPU
	EndGlobalSection
	GlobalSection(SolutionProperties) = preSolution
		HideSolutionNode = FALSE
	EndGlobalSection
	GlobalSection(NestedProjects) = preSolution
		{E1324872-BEC5-44EE-BF73-F8F6AC4824C8} = {5D20AA90-6969-D8BD-9DCD-8634F4692FDA}
		{7A97ABAE-2670-4B07-B07A-7CADCD901242} = {5D20AA90-6969-D8BD-9DCD-8634F4692FDA}
		{5642B698-2680-4EC0-A6DD-756926D328BE} = {0AB3BF05-4346-4AA6-1389-037BE0695223}
		{B6723CCE-F8D8-47AF-93B4-CB076FAC2AB5} = {827E0CD3-B72D-47B6-A68D-7590B98EB39B}
	EndGlobalSection
EndGlobal
